
Microsoft Visual Studio Solution File, Format Version 12.00
# Visual Studio 15
VisualStudioVersion = 15.0.28010.2003
MinimumVisualStudioVersion = 10.0.40219.1
Project("{FAE04EC0-301F-11D3-BF4B-00C04F79EFBC}") = "Intervalo", "Intervalo\Intervalo.csproj", "{12637A69-6FF6-4DD9-90C3-2D6AD2A9D287}"
EndProject
Global
	GlobalSection(SolutionConfigurationPlatforms) = preSolution
		Debug|Any CPU = Debug|Any CPU
		Release|Any CPU = Release|Any CPU
	EndGlobalSection
	GlobalSection(ProjectConfigurationPlatforms) = postSolution
		{12637A69-6FF6-4DD9-90C3-2D6AD2A9D287}.Debug|Any CPU.ActiveCfg = Debug|Any CPU
		{12637A69-6FF6-4DD9-90C3-2D6AD2A9D287}.Debug|Any CPU.Build.0 = Debug|Any CPU
		{12637A69-6FF6-4DD9-90C3-2D6AD2A9D287}.Release|Any CPU.ActiveCfg = Release|Any CPU
		{12637A69-6FF6-4DD9-90C3-2D6AD2A9D287}.Release|Any CPU.Build.0 = Release|Any CPU
	EndGlobalSection
	GlobalSection(SolutionProperties) = preSolution
		HideSolutionNode = FALSE
	EndGlobalSection
	GlobalSection(ExtensibilityGlobals) = postSolution
		SolutionGuid = {127759DC-2F33-439C-A5E6-F2CCC36A44E0}
	EndGlobalSection
EndGlobal
